# THIS IS AN AUTOGENERATED FILE. DO NOT EDIT THIS FILE DIRECTLY.
# yarn lockfile v1


semaphore-async-await@^1.5.1:
  version "1.5.1"
  resolved "https://registry.yarnpkg.com/semaphore-async-await/-/semaphore-async-await-1.5.1.tgz#857bef5e3644601ca4b9570b87e9df5ca12974fa"
  integrity sha1-hXvvXjZEYBykuVcLh+nfXKEpdPo=
